
Microsoft Visual Studio Solution File, Format Version 12.00
# Visual Studio 2012
Project("{FAE04EC0-301F-11D3-BF4B-00C04F79EFBC}") = "Length Converter", "Length Converter\Length Converter.csproj", "{265B0CE3-AAAE-48E3-B188-73908D8999FE}"
EndProject
Global
	GlobalSection(SolutionConfigurationPlatforms) = preSolution
		Debug|Any CPU = Debug|Any CPU
		Release|Any CPU = Release|Any CPU
	EndGlobalSection
	GlobalSection(ProjectConfigurationPlatforms) = postSolution
		{265B0CE3-AAAE-48E3-B188-73908D8999FE}.Debug|Any CPU.ActiveCfg = Debug|Any CPU
		{265B0CE3-AAAE-48E3-B188-73908D8999FE}.Debug|Any CPU.Build.0 = Debug|Any CPU
		{265B0CE3-AAAE-48E3-B188-73908D8999FE}.Debug|Any CPU.Deploy.0 = Debug|Any CPU
		{265B0CE3-AAAE-48E3-B188-73908D8999FE}.Release|Any CPU.ActiveCfg = Release|Any CPU
		{265B0CE3-AAAE-48E3-B188-73908D8999FE}.Release|Any CPU.Build.0 = Release|Any CPU
		{265B0CE3-AAAE-48E3-B188-73908D8999FE}.Release|Any CPU.Deploy.0 = Release|Any CPU
	EndGlobalSection
	GlobalSection(SolutionProperties) = preSolution
		HideSolutionNode = FALSE
	EndGlobalSection
EndGlobal
